
Microsoft Visual Studio Solution File, Format Version 12.00
# Visual Studio Version 17
VisualStudioVersion = 17.0.32014.148
MinimumVisualStudioVersion = 10.0.40219.1
Project("{FAE04EC0-301F-11D3-BF4B-00C04F79EFBC}") = "Covid19TestService", "Covid19TestService\Covid19TestService.csproj", "{5E7CA994-371C-447C-8388-6EE47C53BD42}"
EndProject
Project("{FAE04EC0-301F-11D3-BF4B-00C04F79EFBC}") = "Covid19TestService_WPF", "Covid19TestService_WPF\Covid19TestService_WPF.csproj", "{9EC60ADC-74EE-4A7A-98EC-010ADADEAD9D}"
EndProject
Project("{FAE04EC0-301F-11D3-BF4B-00C04F79EFBC}") = "Covid19TestService_Library", "Covid19TestService_Library\Covid19TestService_Library.csproj", "{19BAD2E0-4672-4AE6-8F11-5A62E93CAD2B}"
EndProject
Global
	GlobalSection(SolutionConfigurationPlatforms) = preSolution
		Debug|Any CPU = Debug|Any CPU
		Release|Any CPU = Release|Any CPU
	EndGlobalSection
	GlobalSection(ProjectConfigurationPlatforms) = postSolution
		{5E7CA994-371C-447C-8388-6EE47C53BD42}.Debug|Any CPU.ActiveCfg = Debug|Any CPU
		{5E7CA994-371C-447C-8388-6EE47C53BD42}.Debug|Any CPU.Build.0 = Debug|Any CPU
		{5E7CA994-371C-447C-8388-6EE47C53BD42}.Release|Any CPU.ActiveCfg = Release|Any CPU
		{5E7CA994-371C-447C-8388-6EE47C53BD42}.Release|Any CPU.Build.0 = Release|Any CPU
		{9EC60ADC-74EE-4A7A-98EC-010ADADEAD9D}.Debug|Any CPU.ActiveCfg = Debug|Any CPU
		{9EC60ADC-74EE-4A7A-98EC-010ADADEAD9D}.Debug|Any CPU.Build.0 = Debug|Any CPU
		{9EC60ADC-74EE-4A7A-98EC-010ADADEAD9D}.Release|Any CPU.ActiveCfg = Release|Any CPU
		{9EC60ADC-74EE-4A7A-98EC-010ADADEAD9D}.Release|Any CPU.Build.0 = Release|Any CPU
		{19BAD2E0-4672-4AE6-8F11-5A62E93CAD2B}.Debug|Any CPU.ActiveCfg = Debug|Any CPU
		{19BAD2E0-4672-4AE6-8F11-5A62E93CAD2B}.Debug|Any CPU.Build.0 = Debug|Any CPU
		{19BAD2E0-4672-4AE6-8F11-5A62E93CAD2B}.Release|Any CPU.ActiveCfg = Release|Any CPU
		{19BAD2E0-4672-4AE6-8F11-5A62E93CAD2B}.Release|Any CPU.Build.0 = Release|Any CPU
	EndGlobalSection
	GlobalSection(SolutionProperties) = preSolution
		HideSolutionNode = FALSE
	EndGlobalSection
	GlobalSection(ExtensibilityGlobals) = postSolution
		SolutionGuid = {B2B0305F-6EBB-47A7-AF8A-C8AA24530AEC}
	EndGlobalSection
EndGlobal
